{
  "version": 4,
  "terraform_version": "1.2.1",
  "serial": 122,
  "lineage": "b74e96d9-2002-0f5b-41c4-f2d9fa78061a",
  "outputs": {
    "avaiable_zones_name": {
      "value": [
        "us-east-2a",
        "us-east-2b",
        "us-east-2c"
      ],
      "type": [
        "list",
        "string"
      ]
    },
    "efs_dns_name": {
      "value": "fs-0ae3dba7eb4d624ba.efs.us-east-2.amazonaws.com",
      "type": "string"
    },
    "lb-master-dns_names": {
      "value": "lb-glpi-1539226540.us-east-2.elb.amazonaws.com",
      "type": "string"
    },
    "private-subnet-ids": {
      "value": [
        "subnet-008c6ea9bfb576cd4",
        "subnet-0d04c9df96f8507ea"
      ],
      "type": [
        "tuple",
        [
          "string",
          "string"
        ]
      ]
    },
    "public-subnet-ids": {
      "value": [
        "subnet-0378c4ea570c1452e",
        "subnet-008551d649746bed5"
      ],
      "type": [
        "tuple",
        [
          "string",
          "string"
        ]
      ]
    }
  },
  "resources": [
    {
      "module": "module.glpi",
      "mode": "managed",
      "type": "aws_alb",
      "name": "lb-master",
      "provider": "provider[\"registry.terraform.io/hashicorp/aws\"]",
      "instances": [
        {
          "schema_version": 0,
          "attributes": {
            "access_logs": [
              {
                "bucket": "",
                "enabled": false,
                "prefix": ""
              }
            ],
            "arn": "arn:aws:elasticloadbalancing:us-east-2:123061683589:loadbalancer/app/lb-glpi/867cdcf873153518",
            "arn_suffix": "app/lb-glpi/867cdcf873153518",
            "customer_owned_ipv4_pool": "",
            "desync_mitigation_mode": "defensive",
            "dns_name": "lb-glpi-1539226540.us-east-2.elb.amazonaws.com",
            "drop_invalid_header_fields": false,
            "enable_cross_zone_load_balancing": null,
            "enable_deletion_protection": false,
            "enable_http2": true,
            "enable_waf_fail_open": false,
            "id": "arn:aws:elasticloadbalancing:us-east-2:123061683589:loadbalancer/app/lb-glpi/867cdcf873153518",
            "idle_timeout": 60,
            "internal": false,
            "ip_address_type": "ipv4",
            "load_balancer_type": "application",
            "name": "lb-glpi",
            "name_prefix": null,
            "security_groups": [
              "sg-0fcca2ee0d5de73f0"
            ],
            "subnet_mapping": [
              {
                "allocation_id": "",
                "ipv6_address": "",
                "outpost_id": "",
                "private_ipv4_address": "",
                "subnet_id": "subnet-008551d649746bed5"
              },
              {
                "allocation_id": "",
                "ipv6_address": "",
                "outpost_id": "",
                "private_ipv4_address": "",
                "subnet_id": "subnet-0378c4ea570c1452e"
              }
            ],
            "subnets": [
              "subnet-008551d649746bed5",
              "subnet-0378c4ea570c1452e"
            ],
            "tags": {},
            "tags_all": {},
            "timeouts": null,
            "vpc_id": "vpc-0f10b077eb6af8677",
            "zone_id": "Z3AADJGX6KTTL2"
          },
          "sensitive_attributes": [],
          "private": "eyJlMmJmYjczMC1lY2FhLTExZTYtOGY4OC0zNDM2M2JjN2M0YzAiOnsiY3JlYXRlIjo2MDAwMDAwMDAwMDAsImRlbGV0ZSI6NjAwMDAwMDAwMDAwLCJ1cGRhdGUiOjYwMDAwMDAwMDAwMH19",
          "dependencies": [
            "module.glpi.aws_security_group.sg-lb",
            "module.vpc.aws_internet_gateway.igw",
            "module.vpc.aws_internet_gateway_attachment.igw-attachment",
            "module.vpc.aws_route_table.rt-private",
            "module.vpc.aws_route_table.rt-public",
            "module.vpc.aws_route_table_association.rt-association-private",
            "module.vpc.aws_route_table_association.rt-association-public",
            "module.vpc.aws_subnet.private-subnets",
            "module.vpc.aws_subnet.public-subnets",
            "module.vpc.aws_vpc.vpc",
            "module.vpc.data.aws_availability_zones.available"
          ]
        }
      ]
    },
    {
      "module": "module.glpi",
      "mode": "managed",
      "type": "aws_alb_listener",
      "name": "lb-listener-master",
      "provider": "provider[\"registry.terraform.io/hashicorp/aws\"]",
      "instances": [
        {
          "schema_version": 0,
          "attributes": {
            "alpn_policy": null,
            "arn": "arn:aws:elasticloadbalancing:us-east-2:123061683589:listener/app/lb-glpi/867cdcf873153518/e77032da0b60e412",
            "certificate_arn": null,
            "default_action": [
              {
                "authenticate_cognito": [],
                "authenticate_oidc": [],
                "fixed_response": [],
                "forward": [],
                "order": 1,
                "redirect": [],
                "target_group_arn": "arn:aws:elasticloadbalancing:us-east-2:123061683589:targetgroup/lb-tg-glpi/bef71702c29645f4",
                "type": "forward"
              }
            ],
            "id": "arn:aws:elasticloadbalancing:us-east-2:123061683589:listener/app/lb-glpi/867cdcf873153518/e77032da0b60e412",
            "load_balancer_arn": "arn:aws:elasticloadbalancing:us-east-2:123061683589:loadbalancer/app/lb-glpi/867cdcf873153518",
            "port": 80,
            "protocol": "HTTP",
            "ssl_policy": "",
            "tags": {},
            "tags_all": {},
            "timeouts": null
          },
          "sensitive_attributes": [],
          "private": "eyJlMmJmYjczMC1lY2FhLTExZTYtOGY4OC0zNDM2M2JjN2M0YzAiOnsicmVhZCI6NjAwMDAwMDAwMDAwfX0=",
          "dependencies": [
            "module.glpi.aws_alb.lb-master",
            "module.glpi.aws_alb_target_group.lb-tg-master",
            "module.glpi.aws_security_group.sg-lb",
            "module.vpc.aws_internet_gateway.igw",
            "module.vpc.aws_internet_gateway_attachment.igw-attachment",
            "module.vpc.aws_route_table.rt-private",
            "module.vpc.aws_route_table.rt-public",
            "module.vpc.aws_route_table_association.rt-association-private",
            "module.vpc.aws_route_table_association.rt-association-public",
            "module.vpc.aws_subnet.private-subnets",
            "module.vpc.aws_subnet.public-subnets",
            "module.vpc.aws_vpc.vpc",
            "module.vpc.data.aws_availability_zones.available"
          ]
        }
      ]
    },
    {
      "module": "module.glpi",
      "mode": "managed",
      "type": "aws_alb_target_group",
      "name": "lb-tg-master",
      "provider": "provider[\"registry.terraform.io/hashicorp/aws\"]",
      "instances": [
        {
          "schema_version": 0,
          "attributes": {
            "arn": "arn:aws:elasticloadbalancing:us-east-2:123061683589:targetgroup/lb-tg-glpi/bef71702c29645f4",
            "arn_suffix": "targetgroup/lb-tg-glpi/bef71702c29645f4",
            "connection_termination": false,
            "deregistration_delay": "300",
            "health_check": [
              {
                "enabled": true,
                "healthy_threshold": 2,
                "interval": 30,
                "matcher": "200,302",
                "path": "/",
                "port": "traffic-port",
                "protocol": "HTTP",
                "timeout": 5,
                "unhealthy_threshold": 3
              }
            ],
            "id": "arn:aws:elasticloadbalancing:us-east-2:123061683589:targetgroup/lb-tg-glpi/bef71702c29645f4",
            "lambda_multi_value_headers_enabled": false,
            "load_balancing_algorithm_type": "round_robin",
            "name": "lb-tg-glpi",
            "name_prefix": null,
            "port": 80,
            "preserve_client_ip": null,
            "protocol": "HTTP",
            "protocol_version": "HTTP1",
            "proxy_protocol_v2": false,
            "slow_start": 0,
            "stickiness": [
              {
                "cookie_duration": 3600,
                "cookie_name": "",
                "enabled": true,
                "type": "lb_cookie"
              }
            ],
            "tags": {},
            "tags_all": {},
            "target_type": "instance",
            "vpc_id": "vpc-0f10b077eb6af8677"
          },
          "sensitive_attributes": [],
          "private": "bnVsbA==",
          "dependencies": [
            "module.vpc.aws_internet_gateway.igw",
            "module.vpc.aws_internet_gateway_attachment.igw-attachment",
            "module.vpc.aws_route_table.rt-private",
            "module.vpc.aws_route_table.rt-public",
            "module.vpc.aws_route_table_association.rt-association-private",
            "module.vpc.aws_route_table_association.rt-association-public",
            "module.vpc.aws_subnet.private-subnets",
            "module.vpc.aws_subnet.public-subnets",
            "module.vpc.aws_vpc.vpc",
            "module.vpc.data.aws_availability_zones.available"
          ],
          "create_before_destroy": true
        }
      ]
    },
    {
      "module": "module.glpi",
      "mode": "managed",
      "type": "aws_autoscaling_attachment",
      "name": "asg_attachment_bar",
      "provider": "provider[\"registry.terraform.io/hashicorp/aws\"]",
      "instances": [
        {
          "schema_version": 0,
          "attributes": {
            "alb_target_group_arn": null,
            "autoscaling_group_name": "dev-asg-glpi",
            "elb": null,
            "id": "dev-asg-glpi-20220720135139200600000001",
            "lb_target_group_arn": "arn:aws:elasticloadbalancing:us-east-2:123061683589:targetgroup/lb-tg-glpi/bef71702c29645f4"
          },
          "sensitive_attributes": [],
          "private": "bnVsbA==",
          "dependencies": [
            "module.glpi.aws_alb_target_group.lb-tg-master",
            "module.glpi.aws_autoscaling_group.asg-glpi",
            "module.glpi.aws_efs_file_system.glpi-efs",
            "module.glpi.aws_launch_configuration.lc-glpi",
            "module.glpi.aws_security_group.sg-ec2",
            "module.glpi.aws_security_group.sg-lb",
            "module.vpc.aws_internet_gateway.igw",
            "module.vpc.aws_internet_gateway_attachment.igw-attachment",
            "module.vpc.aws_route_table.rt-private",
            "module.vpc.aws_route_table.rt-public",
            "module.vpc.aws_route_table_association.rt-association-private",
            "module.vpc.aws_route_table_association.rt-association-public",
            "module.vpc.aws_subnet.private-subnets",
            "module.vpc.aws_subnet.public-subnets",
            "module.vpc.aws_vpc.vpc",
            "module.vpc.data.aws_availability_zones.available"
          ]
        }
      ]
    },
    {
      "module": "module.glpi",
      "mode": "managed",
      "type": "aws_autoscaling_group",
      "name": "asg-glpi",
      "provider": "provider[\"registry.terraform.io/hashicorp/aws\"]",
      "instances": [
        {
          "schema_version": 0,
          "attributes": {
            "arn": "arn:aws:autoscaling:us-east-2:123061683589:autoScalingGroup:890e4527-e848-477a-b9d5-e52a38bdfcce:autoScalingGroupName/dev-asg-glpi",
            "availability_zones": [
              "us-east-2a",
              "us-east-2b"
            ],
            "capacity_rebalance": false,
            "context": "",
            "default_cooldown": 300,
            "desired_capacity": 1,
            "enabled_metrics": [
              "GroupDesiredCapacity",
              "GroupInServiceInstances",
              "GroupMaxSize",
              "GroupMinSize",
              "GroupTotalInstances"
            ],
            "force_delete": true,
            "force_delete_warm_pool": false,
            "health_check_grace_period": 300,
            "health_check_type": "ELB",
            "id": "dev-asg-glpi",
            "initial_lifecycle_hook": [],
            "instance_refresh": [],
            "launch_configuration": "dev-lc-glpi",
            "launch_template": [],
            "load_balancers": [],
            "max_instance_lifetime": 0,
            "max_size": 2,
            "metrics_granularity": "1Minute",
            "min_elb_capacity": null,
            "min_size": 0,
            "mixed_instances_policy": [],
            "name": "dev-asg-glpi",
            "name_prefix": "",
            "placement_group": "",
            "protect_from_scale_in": false,
            "service_linked_role_arn": "arn:aws:iam::123061683589:role/aws-service-role/autoscaling.amazonaws.com/AWSServiceRoleForAutoScaling",
            "suspended_processes": [],
            "tag": [
              {
                "key": "Name",
                "propagate_at_launch": true,
                "value": "dev-asg-glpi"
              }
            ],
            "tags": null,
            "target_group_arns": [
              "arn:aws:elasticloadbalancing:us-east-2:123061683589:targetgroup/lb-tg-glpi/bef71702c29645f4"
            ],
            "termination_policies": [],
            "timeouts": null,
            "vpc_zone_identifier": [
              "subnet-008551d649746bed5",
              "subnet-0378c4ea570c1452e"
            ],
            "wait_for_capacity_timeout": "10m",
            "wait_for_elb_capacity": null,
            "warm_pool": []
          },
          "sensitive_attributes": [],
          "private": "eyJlMmJmYjczMC1lY2FhLTExZTYtOGY4OC0zNDM2M2JjN2M0YzAiOnsiZGVsZXRlIjo2MDAwMDAwMDAwMDAsInVwZGF0ZSI6NjAwMDAwMDAwMDAwfX0=",
          "dependencies": [
            "module.glpi.aws_alb_target_group.lb-tg-master",
            "module.glpi.aws_efs_file_system.glpi-efs",
            "module.glpi.aws_launch_configuration.lc-glpi",
            "module.glpi.aws_security_group.sg-ec2",
            "module.glpi.aws_security_group.sg-lb",
            "module.vpc.aws_internet_gateway.igw",
            "module.vpc.aws_internet_gateway_attachment.igw-attachment",
            "module.vpc.aws_route_table.rt-private",
            "module.vpc.aws_route_table.rt-public",
            "module.vpc.aws_route_table_association.rt-association-private",
            "module.vpc.aws_route_table_association.rt-association-public",
            "module.vpc.aws_subnet.private-subnets",
            "module.vpc.aws_subnet.public-subnets",
            "module.vpc.aws_vpc.vpc",
            "module.vpc.data.aws_availability_zones.available"
          ],
          "create_before_destroy": true
        }
      ]
    },
    {
      "module": "module.glpi",
      "mode": "managed",
      "type": "aws_db_instance",
      "name": "this",
      "provider": "provider[\"registry.terraform.io/hashicorp/aws\"]",
      "instances": [
        {
          "schema_version": 1,
          "attributes": {
            "address": "database-glpi.clo6ibt2xsdy.us-east-2.rds.amazonaws.com",
            "allocated_storage": 20,
            "allow_major_version_upgrade": null,
            "apply_immediately": null,
            "arn": "arn:aws:rds:us-east-2:123061683589:db:database-glpi",
            "auto_minor_version_upgrade": true,
            "availability_zone": "us-east-2a",
            "backup_retention_period": 0,
            "backup_window": "08:18-08:48",
            "ca_cert_identifier": "rds-ca-2019",
            "character_set_name": "",
            "copy_tags_to_snapshot": false,
            "customer_owned_ip_enabled": false,
            "db_name": "glpi_db",
            "db_subnet_group_name": "glpi-db-group",
            "delete_automated_backups": true,
            "deletion_protection": false,
            "domain": "",
            "domain_iam_role_name": "",
            "enabled_cloudwatch_logs_exports": [],
            "endpoint": "database-glpi.clo6ibt2xsdy.us-east-2.rds.amazonaws.com:3306",
            "engine": "mysql",
            "engine_version": "5.7",
            "engine_version_actual": "5.7.37",
            "final_snapshot_identifier": null,
            "hosted_zone_id": "Z2XHWR1WZ565X2",
            "iam_database_authentication_enabled": false,
            "id": "database-glpi",
            "identifier": "database-glpi",
            "identifier_prefix": "",
            "instance_class": "db.t2.micro",
            "iops": 0,
            "kms_key_id": "",
            "latest_restorable_time": "0001-01-01T00:00:00Z",
            "license_model": "general-public-license",
            "maintenance_window": "fri:10:20-fri:10:50",
            "max_allocated_storage": 0,
            "monitoring_interval": 0,
            "monitoring_role_arn": "",
            "multi_az": false,
            "name": "glpi_db",
            "nchar_character_set_name": "",
            "option_group_name": "default:mysql-5-7",
            "parameter_group_name": "default.mysql5.7",
            "password": "senha1234",
            "performance_insights_enabled": false,
            "performance_insights_kms_key_id": "",
            "performance_insights_retention_period": 0,
            "port": 3306,
            "publicly_accessible": false,
            "replica_mode": "",
            "replicas": [],
            "replicate_source_db": "",
            "resource_id": "db-AA7GFURFILOGJ5FUBHT725Q3JU",
            "restore_to_point_in_time": [],
            "s3_import": [],
            "security_group_names": [],
            "skip_final_snapshot": true,
            "snapshot_identifier": null,
            "status": "available",
            "storage_encrypted": false,
            "storage_type": "gp2",
            "tags": {
              "Environment": "dev",
              "Name": "rds-glpi",
              "Project": "Jenkins-AWS com Terraform"
            },
            "tags_all": {
              "Environment": "dev",
              "Name": "rds-glpi",
              "Project": "Jenkins-AWS com Terraform"
            },
            "timeouts": null,
            "timezone": "",
            "username": "admin",
            "vpc_security_group_ids": [
              "sg-0f2518c8fdab2cbcc"
            ]
          },
          "sensitive_attributes": [],
          "private": "eyJlMmJmYjczMC1lY2FhLTExZTYtOGY4OC0zNDM2M2JjN2M0YzAiOnsiY3JlYXRlIjoyNDAwMDAwMDAwMDAwLCJkZWxldGUiOjM2MDAwMDAwMDAwMDAsInVwZGF0ZSI6NDgwMDAwMDAwMDAwMH0sInNjaGVtYV92ZXJzaW9uIjoiMSJ9",
          "dependencies": [
            "module.glpi.aws_db_subnet_group.default",
            "module.glpi.aws_security_group.sg-ec2",
            "module.glpi.aws_security_group.sg-lb",
            "module.glpi.aws_security_group.sg-rds",
            "module.vpc.aws_internet_gateway.igw",
            "module.vpc.aws_internet_gateway_attachment.igw-attachment",
            "module.vpc.aws_route_table.rt-private",
            "module.vpc.aws_route_table.rt-public",
            "module.vpc.aws_route_table_association.rt-association-private",
            "module.vpc.aws_route_table_association.rt-association-public",
            "module.vpc.aws_subnet.private-subnets",
            "module.vpc.aws_subnet.public-subnets",
            "module.vpc.aws_vpc.vpc",
            "module.vpc.data.aws_availability_zones.available"
          ]
        }
      ]
    },
    {
      "module": "module.glpi",
      "mode": "managed",
      "type": "aws_db_subnet_group",
      "name": "default",
      "provider": "provider[\"registry.terraform.io/hashicorp/aws\"]",
      "instances": [
        {
          "schema_version": 0,
          "attributes": {
            "arn": "arn:aws:rds:us-east-2:123061683589:subgrp:glpi-db-group",
            "description": "Managed by Terraform",
            "id": "glpi-db-group",
            "name": "glpi-db-group",
            "name_prefix": null,
            "subnet_ids": [
              "subnet-008c6ea9bfb576cd4",
              "subnet-0d04c9df96f8507ea"
            ],
            "tags": {
              "Environment": "dev",
              "Name": "mysql-glpi",
              "Project": "Jenkins-AWS com Terraform"
            },
            "tags_all": {
              "Environment": "dev",
              "Name": "mysql-glpi",
              "Project": "Jenkins-AWS com Terraform"
            }
          },
          "sensitive_attributes": [],
          "private": "bnVsbA==",
          "dependencies": [
            "module.vpc.aws_internet_gateway.igw",
            "module.vpc.aws_internet_gateway_attachment.igw-attachment",
            "module.vpc.aws_route_table.rt-private",
            "module.vpc.aws_route_table.rt-public",
            "module.vpc.aws_route_table_association.rt-association-private",
            "module.vpc.aws_route_table_association.rt-association-public",
            "module.vpc.aws_subnet.private-subnets",
            "module.vpc.aws_subnet.public-subnets",
            "module.vpc.aws_vpc.vpc",
            "module.vpc.data.aws_availability_zones.available"
          ]
        }
      ]
    },
    {
      "module": "module.glpi",
      "mode": "managed",
      "type": "aws_efs_access_point",
      "name": "efs-data",
      "provider": "provider[\"registry.terraform.io/hashicorp/aws\"]",
      "instances": [
        {
          "schema_version": 0,
          "attributes": {
            "arn": "arn:aws:elasticfilesystem:us-east-2:123061683589:access-point/fsap-0cb844813c2d1ffbc",
            "file_system_arn": "arn:aws:elasticfilesystem:us-east-2:123061683589:file-system/fs-0ae3dba7eb4d624ba",
            "file_system_id": "fs-0ae3dba7eb4d624ba",
            "id": "fsap-0cb844813c2d1ffbc",
            "owner_id": "123061683589",
            "posix_user": [],
            "root_directory": [
              {
                "creation_info": [],
                "path": "/"
              }
            ],
            "tags": {},
            "tags_all": {}
          },
          "sensitive_attributes": [],
          "private": "bnVsbA==",
          "dependencies": [
            "module.glpi.aws_efs_file_system.glpi-efs",
            "module.vpc.aws_internet_gateway.igw",
            "module.vpc.aws_internet_gateway_attachment.igw-attachment",
            "module.vpc.aws_route_table.rt-private",
            "module.vpc.aws_route_table.rt-public",
            "module.vpc.aws_route_table_association.rt-association-private",
            "module.vpc.aws_route_table_association.rt-association-public",
            "module.vpc.aws_subnet.private-subnets",
            "module.vpc.aws_subnet.public-subnets",
            "module.vpc.aws_vpc.vpc",
            "module.vpc.data.aws_availability_zones.available"
          ]
        }
      ]
    },
    {
      "module": "module.glpi",
      "mode": "managed",
      "type": "aws_efs_file_system",
      "name": "glpi-efs",
      "provider": "provider[\"registry.terraform.io/hashicorp/aws\"]",
      "instances": [
        {
          "schema_version": 0,
          "attributes": {
            "arn": "arn:aws:elasticfilesystem:us-east-2:123061683589:file-system/fs-0ae3dba7eb4d624ba",
            "availability_zone_id": "",
            "availability_zone_name": "",
            "creation_token": "efs-glpi",
            "dns_name": "fs-0ae3dba7eb4d624ba.efs.us-east-2.amazonaws.com",
            "encrypted": true,
            "id": "fs-0ae3dba7eb4d624ba",
            "kms_key_id": "arn:aws:kms:us-east-2:123061683589:key/a5fe1a51-e7b0-4c09-ae7b-aa89354e0e84",
            "lifecycle_policy": [
              {
                "transition_to_ia": "AFTER_30_DAYS",
                "transition_to_primary_storage_class": ""
              },
              {
                "transition_to_ia": "",
                "transition_to_primary_storage_class": "AFTER_1_ACCESS"
              }
            ],
            "number_of_mount_targets": 2,
            "owner_id": "123061683589",
            "performance_mode": "generalPurpose",
            "provisioned_throughput_in_mibps": 0,
            "size_in_bytes": [
              {
                "value": 288075776,
                "value_in_ia": 0,
                "value_in_standard": 288075776
              }
            ],
            "tags": {
              "Environment": "dev",
              "Name": "efs-glpi",
              "Project": "Jenkins-AWS com Terraform"
            },
            "tags_all": {
              "Environment": "dev",
              "Name": "efs-glpi",
              "Project": "Jenkins-AWS com Terraform"
            },
            "throughput_mode": "bursting"
          },
          "sensitive_attributes": [],
          "private": "bnVsbA==",
          "dependencies": [
            "module.vpc.aws_internet_gateway.igw",
            "module.vpc.aws_internet_gateway_attachment.igw-attachment",
            "module.vpc.aws_route_table.rt-private",
            "module.vpc.aws_route_table.rt-public",
            "module.vpc.aws_route_table_association.rt-association-private",
            "module.vpc.aws_route_table_association.rt-association-public",
            "module.vpc.aws_subnet.private-subnets",
            "module.vpc.aws_subnet.public-subnets",
            "module.vpc.aws_vpc.vpc",
            "module.vpc.data.aws_availability_zones.available"
          ],
          "create_before_destroy": true
        }
      ]
    },
    {
      "module": "module.glpi",
      "mode": "managed",
      "type": "aws_efs_mount_target",
      "name": "glpi-efs-mount",
      "provider": "provider[\"registry.terraform.io/hashicorp/aws\"]",
      "instances": [
        {
          "index_key": 0,
          "schema_version": 0,
          "attributes": {
            "availability_zone_id": "use2-az1",
            "availability_zone_name": "us-east-2a",
            "dns_name": "fs-0ae3dba7eb4d624ba.efs.us-east-2.amazonaws.com",
            "file_system_arn": "arn:aws:elasticfilesystem:us-east-2:123061683589:file-system/fs-0ae3dba7eb4d624ba",
            "file_system_id": "fs-0ae3dba7eb4d624ba",
            "id": "fsmt-09c60d641d63eb324",
            "ip_address": "10.0.1.57",
            "mount_target_dns_name": "us-east-2a.fs-0ae3dba7eb4d624ba.efs.us-east-2.amazonaws.com",
            "network_interface_id": "eni-05a73d8a3fe825219",
            "owner_id": "123061683589",
            "security_groups": [
              "sg-01c992f8f35460e63"
            ],
            "subnet_id": "subnet-008c6ea9bfb576cd4"
          },
          "sensitive_attributes": [],
          "private": "bnVsbA==",
          "dependencies": [
            "module.glpi.aws_efs_file_system.glpi-efs",
            "module.glpi.aws_security_group.sg-ec2",
            "module.glpi.aws_security_group.sg-efs",
            "module.glpi.aws_security_group.sg-lb",
            "module.vpc.aws_internet_gateway.igw",
            "module.vpc.aws_internet_gateway_attachment.igw-attachment",
            "module.vpc.aws_route_table.rt-private",
            "module.vpc.aws_route_table.rt-public",
            "module.vpc.aws_route_table_association.rt-association-private",
            "module.vpc.aws_route_table_association.rt-association-public",
            "module.vpc.aws_subnet.private-subnets",
            "module.vpc.aws_subnet.public-subnets",
            "module.vpc.aws_vpc.vpc",
            "module.vpc.data.aws_availability_zones.available"
          ]
        },
        {
          "index_key": 1,
          "schema_version": 0,
          "attributes": {
            "availability_zone_id": "use2-az2",
            "availability_zone_name": "us-east-2b",
            "dns_name": "fs-0ae3dba7eb4d624ba.efs.us-east-2.amazonaws.com",
            "file_system_arn": "arn:aws:elasticfilesystem:us-east-2:123061683589:file-system/fs-0ae3dba7eb4d624ba",
            "file_system_id": "fs-0ae3dba7eb4d624ba",
            "id": "fsmt-0295071554c2ee945",
            "ip_address": "10.0.2.14",
            "mount_target_dns_name": "us-east-2b.fs-0ae3dba7eb4d624ba.efs.us-east-2.amazonaws.com",
            "network_interface_id": "eni-015d7e51214514245",
            "owner_id": "123061683589",
            "security_groups": [
              "sg-01c992f8f35460e63"
            ],
            "subnet_id": "subnet-0d04c9df96f8507ea"
          },
          "sensitive_attributes": [],
          "private": "bnVsbA==",
          "dependencies": [
            "module.glpi.aws_efs_file_system.glpi-efs",
            "module.glpi.aws_security_group.sg-ec2",
            "module.glpi.aws_security_group.sg-efs",
            "module.glpi.aws_security_group.sg-lb",
            "module.vpc.aws_internet_gateway.igw",
            "module.vpc.aws_internet_gateway_attachment.igw-attachment",
            "module.vpc.aws_route_table.rt-private",
            "module.vpc.aws_route_table.rt-public",
            "module.vpc.aws_route_table_association.rt-association-private",
            "module.vpc.aws_route_table_association.rt-association-public",
            "module.vpc.aws_subnet.private-subnets",
            "module.vpc.aws_subnet.public-subnets",
            "module.vpc.aws_vpc.vpc",
            "module.vpc.data.aws_availability_zones.available"
          ]
        }
      ]
    },
    {
      "module": "module.glpi",
      "mode": "managed",
      "type": "aws_launch_configuration",
      "name": "lc-glpi",
      "provider": "provider[\"registry.terraform.io/hashicorp/aws\"]",
      "instances": [
        {
          "schema_version": 0,
          "attributes": {
            "arn": "arn:aws:autoscaling:us-east-2:123061683589:launchConfiguration:5f3a284c-f465-417e-98f9-7daaf70dbb9c:launchConfigurationName/dev-lc-glpi",
            "associate_public_ip_address": true,
            "ebs_block_device": [],
            "ebs_optimized": false,
            "enable_monitoring": true,
            "ephemeral_block_device": [],
            "iam_instance_profile": "",
            "id": "dev-lc-glpi",
            "image_id": "ami-0aebfd4e021bdc3c6",
            "instance_type": "t2.micro",
            "key_name": "testes_ohio",
            "metadata_options": [],
            "name": "dev-lc-glpi",
            "name_prefix": "",
            "placement_tenancy": "",
            "root_block_device": [
              {
                "delete_on_termination": true,
                "encrypted": false,
                "iops": 0,
                "throughput": 0,
                "volume_size": 8,
                "volume_type": "gp2"
              }
            ],
            "security_groups": [
              "sg-089219e42c316f346"
            ],
            "spot_price": "",
            "user_data": null,
            "user_data_base64": null,
            "vpc_classic_link_id": "",
            "vpc_classic_link_security_groups": []
          },
          "sensitive_attributes": [],
          "private": "bnVsbA==",
          "dependencies": [
            "module.glpi.aws_efs_file_system.glpi-efs",
            "module.glpi.aws_security_group.sg-ec2",
            "module.glpi.aws_security_group.sg-lb",
            "module.vpc.aws_internet_gateway.igw",
            "module.vpc.aws_internet_gateway_attachment.igw-attachment",
            "module.vpc.aws_route_table.rt-private",
            "module.vpc.aws_route_table.rt-public",
            "module.vpc.aws_route_table_association.rt-association-private",
            "module.vpc.aws_route_table_association.rt-association-public",
            "module.vpc.aws_subnet.private-subnets",
            "module.vpc.aws_subnet.public-subnets",
            "module.vpc.aws_vpc.vpc",
            "module.vpc.data.aws_availability_zones.available"
          ],
          "create_before_destroy": true
        }
      ]
    },
    {
      "module": "module.glpi",
      "mode": "managed",
      "type": "aws_placement_group",
      "name": "pg-glpi",
      "provider": "provider[\"registry.terraform.io/hashicorp/aws\"]",
      "instances": [
        {
          "schema_version": 0,
          "attributes": {
            "arn": "arn:aws:ec2:us-east-2:123061683589:placement-group/dev-pg-glpi",
            "id": "dev-pg-glpi",
            "name": "dev-pg-glpi",
            "partition_count": 0,
            "placement_group_id": "pg-07ab21803ad28b7bf",
            "strategy": "cluster",
            "tags": {},
            "tags_all": {}
          },
          "sensitive_attributes": [],
          "private": "bnVsbA==",
          "dependencies": [
            "module.vpc.aws_internet_gateway.igw",
            "module.vpc.aws_internet_gateway_attachment.igw-attachment",
            "module.vpc.aws_route_table.rt-private",
            "module.vpc.aws_route_table.rt-public",
            "module.vpc.aws_route_table_association.rt-association-private",
            "module.vpc.aws_route_table_association.rt-association-public",
            "module.vpc.aws_subnet.private-subnets",
            "module.vpc.aws_subnet.public-subnets",
            "module.vpc.aws_vpc.vpc",
            "module.vpc.data.aws_availability_zones.available"
          ]
        }
      ]
    },
    {
      "module": "module.glpi",
      "mode": "managed",
      "type": "aws_security_group",
      "name": "sg-ec2",
      "provider": "provider[\"registry.terraform.io/hashicorp/aws\"]",
      "instances": [
        {
          "schema_version": 1,
          "attributes": {
            "arn": "arn:aws:ec2:us-east-2:123061683589:security-group/sg-089219e42c316f346",
            "description": "Habilita entrada ao sg-lb",
            "egress": [
              {
                "cidr_blocks": [
                  "0.0.0.0/0"
                ],
                "description": "",
                "from_port": 0,
                "ipv6_cidr_blocks": [],
                "prefix_list_ids": [],
                "protocol": "-1",
                "security_groups": [],
                "self": false,
                "to_port": 0
              }
            ],
            "id": "sg-089219e42c316f346",
            "ingress": [
              {
                "cidr_blocks": [
                  "0.0.0.0/0"
                ],
                "description": "POP3",
                "from_port": 110,
                "ipv6_cidr_blocks": [],
                "prefix_list_ids": [],
                "protocol": "tcp",
                "security_groups": [],
                "self": false,
                "to_port": 110
              },
              {
                "cidr_blocks": [
                  "0.0.0.0/0"
                ],
                "description": "SMTP",
                "from_port": 587,
                "ipv6_cidr_blocks": [],
                "prefix_list_ids": [],
                "protocol": "tcp",
                "security_groups": [],
                "self": false,
                "to_port": 587
              },
              {
                "cidr_blocks": [
                  "179.125.170.200/32"
                ],
                "description": "SSH para IP especifico",
                "from_port": 22,
                "ipv6_cidr_blocks": [],
                "prefix_list_ids": [],
                "protocol": "tcp",
                "security_groups": [],
                "self": false,
                "to_port": 22
              },
              {
                "cidr_blocks": [],
                "description": "Porta alternativa HTTP",
                "from_port": 80,
                "ipv6_cidr_blocks": [],
                "prefix_list_ids": [],
                "protocol": "tcp",
                "security_groups": [
                  "sg-0fcca2ee0d5de73f0"
                ],
                "self": false,
                "to_port": 80
              }
            ],
            "name": "dev-sg-ec2-glpi",
            "name_prefix": "",
            "owner_id": "123061683589",
            "revoke_rules_on_delete": false,
            "tags": {
              "Environment": "dev",
              "Name": "dev-sg-ec2-glpi",
              "Project": "Jenkins-AWS com Terraform"
            },
            "tags_all": {
              "Environment": "dev",
              "Name": "dev-sg-ec2-glpi",
              "Project": "Jenkins-AWS com Terraform"
            },
            "timeouts": null,
            "vpc_id": "vpc-0f10b077eb6af8677"
          },
          "sensitive_attributes": [],
          "private": "eyJlMmJmYjczMC1lY2FhLTExZTYtOGY4OC0zNDM2M2JjN2M0YzAiOnsiY3JlYXRlIjo2MDAwMDAwMDAwMDAsImRlbGV0ZSI6OTAwMDAwMDAwMDAwfSwic2NoZW1hX3ZlcnNpb24iOiIxIn0=",
          "dependencies": [
            "module.glpi.aws_security_group.sg-lb",
            "module.vpc.aws_internet_gateway.igw",
            "module.vpc.aws_internet_gateway_attachment.igw-attachment",
            "module.vpc.aws_route_table.rt-private",
            "module.vpc.aws_route_table.rt-public",
            "module.vpc.aws_route_table_association.rt-association-private",
            "module.vpc.aws_route_table_association.rt-association-public",
            "module.vpc.aws_subnet.private-subnets",
            "module.vpc.aws_subnet.public-subnets",
            "module.vpc.aws_vpc.vpc",
            "module.vpc.data.aws_availability_zones.available"
          ]
        }
      ]
    },
    {
      "module": "module.glpi",
      "mode": "managed",
      "type": "aws_security_group",
      "name": "sg-efs",
      "provider": "provider[\"registry.terraform.io/hashicorp/aws\"]",
      "instances": [
        {
          "schema_version": 1,
          "attributes": {
            "arn": "arn:aws:ec2:us-east-2:123061683589:security-group/sg-01c992f8f35460e63",
            "description": "Habilita entrada ao sg-ec2",
            "egress": [
              {
                "cidr_blocks": [
                  "0.0.0.0/0"
                ],
                "description": "",
                "from_port": 0,
                "ipv6_cidr_blocks": [],
                "prefix_list_ids": [],
                "protocol": "-1",
                "security_groups": [],
                "self": false,
                "to_port": 0
              }
            ],
            "id": "sg-01c992f8f35460e63",
            "ingress": [
              {
                "cidr_blocks": [],
                "description": "Porta especifica",
                "from_port": 2049,
                "ipv6_cidr_blocks": [],
                "prefix_list_ids": [],
                "protocol": "tcp",
                "security_groups": [
                  "sg-089219e42c316f346"
                ],
                "self": false,
                "to_port": 2049
              }
            ],
            "name": "dev-sg-efs-glpi",
            "name_prefix": "",
            "owner_id": "123061683589",
            "revoke_rules_on_delete": false,
            "tags": {
              "Environment": "dev",
              "Name": "dev-sg-efs-glpi",
              "Project": "Jenkins-AWS com Terraform"
            },
            "tags_all": {
              "Environment": "dev",
              "Name": "dev-sg-efs-glpi",
              "Project": "Jenkins-AWS com Terraform"
            },
            "timeouts": null,
            "vpc_id": "vpc-0f10b077eb6af8677"
          },
          "sensitive_attributes": [],
          "private": "eyJlMmJmYjczMC1lY2FhLTExZTYtOGY4OC0zNDM2M2JjN2M0YzAiOnsiY3JlYXRlIjo2MDAwMDAwMDAwMDAsImRlbGV0ZSI6OTAwMDAwMDAwMDAwfSwic2NoZW1hX3ZlcnNpb24iOiIxIn0=",
          "dependencies": [
            "module.glpi.aws_security_group.sg-ec2",
            "module.glpi.aws_security_group.sg-lb",
            "module.vpc.aws_internet_gateway.igw",
            "module.vpc.aws_internet_gateway_attachment.igw-attachment",
            "module.vpc.aws_route_table.rt-private",
            "module.vpc.aws_route_table.rt-public",
            "module.vpc.aws_route_table_association.rt-association-private",
            "module.vpc.aws_route_table_association.rt-association-public",
            "module.vpc.aws_subnet.private-subnets",
            "module.vpc.aws_subnet.public-subnets",
            "module.vpc.aws_vpc.vpc",
            "module.vpc.data.aws_availability_zones.available"
          ]
        }
      ]
    },
    {
      "module": "module.glpi",
      "mode": "managed",
      "type": "aws_security_group",
      "name": "sg-lb",
      "provider": "provider[\"registry.terraform.io/hashicorp/aws\"]",
      "instances": [
        {
          "schema_version": 1,
          "attributes": {
            "arn": "arn:aws:ec2:us-east-2:123061683589:security-group/sg-0fcca2ee0d5de73f0",
            "description": "Habilita acesso HTTP",
            "egress": [
              {
                "cidr_blocks": [
                  "0.0.0.0/0"
                ],
                "description": "",
                "from_port": 0,
                "ipv6_cidr_blocks": [],
                "prefix_list_ids": [],
                "protocol": "-1",
                "security_groups": [],
                "self": false,
                "to_port": 0
              }
            ],
            "id": "sg-0fcca2ee0d5de73f0",
            "ingress": [
              {
                "cidr_blocks": [
                  "0.0.0.0/0"
                ],
                "description": "HTTP",
                "from_port": 80,
                "ipv6_cidr_blocks": [],
                "prefix_list_ids": [],
                "protocol": "tcp",
                "security_groups": [],
                "self": false,
                "to_port": 80
              },
              {
                "cidr_blocks": [
                  "0.0.0.0/0"
                ],
                "description": "HTTPS",
                "from_port": 443,
                "ipv6_cidr_blocks": [],
                "prefix_list_ids": [],
                "protocol": "tcp",
                "security_groups": [],
                "self": false,
                "to_port": 443
              }
            ],
            "name": "dev-sg-lb-glpi",
            "name_prefix": "",
            "owner_id": "123061683589",
            "revoke_rules_on_delete": false,
            "tags": {
              "Environment": "dev",
              "Name": "dev-sg-lb-glpi",
              "Project": "Jenkins-AWS com Terraform"
            },
            "tags_all": {
              "Environment": "dev",
              "Name": "dev-sg-lb-glpi",
              "Project": "Jenkins-AWS com Terraform"
            },
            "timeouts": null,
            "vpc_id": "vpc-0f10b077eb6af8677"
          },
          "sensitive_attributes": [],
          "private": "eyJlMmJmYjczMC1lY2FhLTExZTYtOGY4OC0zNDM2M2JjN2M0YzAiOnsiY3JlYXRlIjo2MDAwMDAwMDAwMDAsImRlbGV0ZSI6OTAwMDAwMDAwMDAwfSwic2NoZW1hX3ZlcnNpb24iOiIxIn0=",
          "dependencies": [
            "module.vpc.aws_internet_gateway.igw",
            "module.vpc.aws_internet_gateway_attachment.igw-attachment",
            "module.vpc.aws_route_table.rt-private",
            "module.vpc.aws_route_table.rt-public",
            "module.vpc.aws_route_table_association.rt-association-private",
            "module.vpc.aws_route_table_association.rt-association-public",
            "module.vpc.aws_subnet.private-subnets",
            "module.vpc.aws_subnet.public-subnets",
            "module.vpc.aws_vpc.vpc",
            "module.vpc.data.aws_availability_zones.available"
          ],
          "create_before_destroy": true
        }
      ]
    },
    {
      "module": "module.glpi",
      "mode": "managed",
      "type": "aws_security_group",
      "name": "sg-rds",
      "provider": "provider[\"registry.terraform.io/hashicorp/aws\"]",
      "instances": [
        {
          "schema_version": 1,
          "attributes": {
            "arn": "arn:aws:ec2:us-east-2:123061683589:security-group/sg-0f2518c8fdab2cbcc",
            "description": "Habilita entrada ao sg-ec2",
            "egress": [
              {
                "cidr_blocks": [
                  "0.0.0.0/0"
                ],
                "description": "",
                "from_port": 0,
                "ipv6_cidr_blocks": [],
                "prefix_list_ids": [],
                "protocol": "-1",
                "security_groups": [],
                "self": false,
                "to_port": 0
              }
            ],
            "id": "sg-0f2518c8fdab2cbcc",
            "ingress": [
              {
                "cidr_blocks": [],
                "description": "Porta especifica",
                "from_port": 3306,
                "ipv6_cidr_blocks": [],
                "prefix_list_ids": [],
                "protocol": "tcp",
                "security_groups": [
                  "sg-089219e42c316f346"
                ],
                "self": false,
                "to_port": 3306
              }
            ],
            "name": "dev-sg-rds-glpi",
            "name_prefix": "",
            "owner_id": "123061683589",
            "revoke_rules_on_delete": false,
            "tags": {
              "Environment": "dev",
              "Name": "dev-sg-rds-glpi",
              "Project": "Jenkins-AWS com Terraform"
            },
            "tags_all": {
              "Environment": "dev",
              "Name": "dev-sg-rds-glpi",
              "Project": "Jenkins-AWS com Terraform"
            },
            "timeouts": null,
            "vpc_id": "vpc-0f10b077eb6af8677"
          },
          "sensitive_attributes": [],
          "private": "eyJlMmJmYjczMC1lY2FhLTExZTYtOGY4OC0zNDM2M2JjN2M0YzAiOnsiY3JlYXRlIjo2MDAwMDAwMDAwMDAsImRlbGV0ZSI6OTAwMDAwMDAwMDAwfSwic2NoZW1hX3ZlcnNpb24iOiIxIn0=",
          "dependencies": [
            "module.glpi.aws_security_group.sg-ec2",
            "module.glpi.aws_security_group.sg-lb",
            "module.vpc.aws_internet_gateway.igw",
            "module.vpc.aws_internet_gateway_attachment.igw-attachment",
            "module.vpc.aws_route_table.rt-private",
            "module.vpc.aws_route_table.rt-public",
            "module.vpc.aws_route_table_association.rt-association-private",
            "module.vpc.aws_route_table_association.rt-association-public",
            "module.vpc.aws_subnet.private-subnets",
            "module.vpc.aws_subnet.public-subnets",
            "module.vpc.aws_vpc.vpc",
            "module.vpc.data.aws_availability_zones.available"
          ]
        }
      ]
    },
    {
      "module": "module.vpc",
      "mode": "data",
      "type": "aws_availability_zones",
      "name": "available",
      "provider": "provider[\"registry.terraform.io/hashicorp/aws\"]",
      "instances": [
        {
          "schema_version": 0,
          "attributes": {
            "all_availability_zones": null,
            "exclude_names": null,
            "exclude_zone_ids": null,
            "filter": null,
            "group_names": [
              "us-east-2"
            ],
            "id": "us-east-2",
            "names": [
              "us-east-2a",
              "us-east-2b",
              "us-east-2c"
            ],
            "state": null,
            "zone_ids": [
              "use2-az1",
              "use2-az2",
              "use2-az3"
            ]
          },
          "sensitive_attributes": []
        }
      ]
    },
    {
      "module": "module.vpc",
      "mode": "managed",
      "type": "aws_internet_gateway",
      "name": "igw",
      "provider": "provider[\"registry.terraform.io/hashicorp/aws\"]",
      "instances": [
        {
          "schema_version": 0,
          "attributes": {
            "arn": "arn:aws:ec2:us-east-2:123061683589:internet-gateway/igw-02eccdd6c0416f471",
            "id": "igw-02eccdd6c0416f471",
            "owner_id": "123061683589",
            "tags": {
              "Environment": "dev",
              "Name": "igw-glpi",
              "Project": "Jenkins-AWS com Terraform"
            },
            "tags_all": {
              "Environment": "dev",
              "Name": "igw-glpi",
              "Project": "Jenkins-AWS com Terraform"
            },
            "vpc_id": "vpc-0f10b077eb6af8677"
          },
          "sensitive_attributes": [],
          "private": "bnVsbA==",
          "create_before_destroy": true
        }
      ]
    },
    {
      "module": "module.vpc",
      "mode": "managed",
      "type": "aws_internet_gateway_attachment",
      "name": "igw-attachment",
      "provider": "provider[\"registry.terraform.io/hashicorp/aws\"]",
      "instances": [
        {
          "schema_version": 0,
          "attributes": {
            "id": "igw-02eccdd6c0416f471:vpc-0f10b077eb6af8677",
            "internet_gateway_id": "igw-02eccdd6c0416f471",
            "vpc_id": "vpc-0f10b077eb6af8677"
          },
          "sensitive_attributes": [],
          "private": "bnVsbA==",
          "dependencies": [
            "module.vpc.aws_internet_gateway.igw",
            "module.vpc.aws_vpc.vpc"
          ],
          "create_before_destroy": true
        }
      ]
    },
    {
      "module": "module.vpc",
      "mode": "managed",
      "type": "aws_route_table",
      "name": "rt-private",
      "provider": "provider[\"registry.terraform.io/hashicorp/aws\"]",
      "instances": [
        {
          "schema_version": 0,
          "attributes": {
            "arn": "arn:aws:ec2:us-east-2:123061683589:route-table/rtb-0b7bd4c145aa33255",
            "id": "rtb-0b7bd4c145aa33255",
            "owner_id": "123061683589",
            "propagating_vgws": [],
            "route": [],
            "tags": {
              "Environment": "dev",
              "Name": "rt-pvt-glpi",
              "Project": "Jenkins-AWS com Terraform"
            },
            "tags_all": {
              "Environment": "dev",
              "Name": "rt-pvt-glpi",
              "Project": "Jenkins-AWS com Terraform"
            },
            "timeouts": null,
            "vpc_id": "vpc-0f10b077eb6af8677"
          },
          "sensitive_attributes": [],
          "private": "eyJlMmJmYjczMC1lY2FhLTExZTYtOGY4OC0zNDM2M2JjN2M0YzAiOnsiY3JlYXRlIjozMDAwMDAwMDAwMDAsImRlbGV0ZSI6MzAwMDAwMDAwMDAwLCJ1cGRhdGUiOjEyMDAwMDAwMDAwMH19",
          "dependencies": [
            "module.vpc.aws_vpc.vpc"
          ],
          "create_before_destroy": true
        }
      ]
    },
    {
      "module": "module.vpc",
      "mode": "managed",
      "type": "aws_route_table",
      "name": "rt-public",
      "provider": "provider[\"registry.terraform.io/hashicorp/aws\"]",
      "instances": [
        {
          "schema_version": 0,
          "attributes": {
            "arn": "arn:aws:ec2:us-east-2:123061683589:route-table/rtb-0ffa75551527347c3",
            "id": "rtb-0ffa75551527347c3",
            "owner_id": "123061683589",
            "propagating_vgws": [],
            "route": [
              {
                "carrier_gateway_id": "",
                "cidr_block": "0.0.0.0/0",
                "core_network_arn": "",
                "destination_prefix_list_id": "",
                "egress_only_gateway_id": "",
                "gateway_id": "igw-02eccdd6c0416f471",
                "instance_id": "",
                "ipv6_cidr_block": "",
                "local_gateway_id": "",
                "nat_gateway_id": "",
                "network_interface_id": "",
                "transit_gateway_id": "",
                "vpc_endpoint_id": "",
                "vpc_peering_connection_id": ""
              }
            ],
            "tags": {
              "Environment": "dev",
              "Name": "rt-pub-glpi",
              "Project": "Jenkins-AWS com Terraform"
            },
            "tags_all": {
              "Environment": "dev",
              "Name": "rt-pub-glpi",
              "Project": "Jenkins-AWS com Terraform"
            },
            "timeouts": null,
            "vpc_id": "vpc-0f10b077eb6af8677"
          },
          "sensitive_attributes": [],
          "private": "eyJlMmJmYjczMC1lY2FhLTExZTYtOGY4OC0zNDM2M2JjN2M0YzAiOnsiY3JlYXRlIjozMDAwMDAwMDAwMDAsImRlbGV0ZSI6MzAwMDAwMDAwMDAwLCJ1cGRhdGUiOjEyMDAwMDAwMDAwMH19",
          "dependencies": [
            "module.vpc.aws_internet_gateway.igw",
            "module.vpc.aws_vpc.vpc"
          ],
          "create_before_destroy": true
        }
      ]
    },
    {
      "module": "module.vpc",
      "mode": "managed",
      "type": "aws_route_table_association",
      "name": "rt-association-private",
      "provider": "provider[\"registry.terraform.io/hashicorp/aws\"]",
      "instances": [
        {
          "index_key": 0,
          "schema_version": 0,
          "attributes": {
            "gateway_id": "",
            "id": "rtbassoc-0ce436b4f26eabc24",
            "route_table_id": "rtb-0b7bd4c145aa33255",
            "subnet_id": "subnet-008c6ea9bfb576cd4"
          },
          "sensitive_attributes": [],
          "private": "bnVsbA==",
          "dependencies": [
            "module.vpc.aws_route_table.rt-private",
            "module.vpc.aws_subnet.private-subnets",
            "module.vpc.aws_subnet.public-subnets",
            "module.vpc.aws_vpc.vpc",
            "module.vpc.data.aws_availability_zones.available"
          ],
          "create_before_destroy": true
        },
        {
          "index_key": 1,
          "schema_version": 0,
          "attributes": {
            "gateway_id": "",
            "id": "rtbassoc-02490dcd3ce35001e",
            "route_table_id": "rtb-0b7bd4c145aa33255",
            "subnet_id": "subnet-0d04c9df96f8507ea"
          },
          "sensitive_attributes": [],
          "private": "bnVsbA==",
          "dependencies": [
            "module.vpc.aws_route_table.rt-private",
            "module.vpc.aws_subnet.private-subnets",
            "module.vpc.aws_subnet.public-subnets",
            "module.vpc.aws_vpc.vpc",
            "module.vpc.data.aws_availability_zones.available"
          ],
          "create_before_destroy": true
        }
      ]
    },
    {
      "module": "module.vpc",
      "mode": "managed",
      "type": "aws_route_table_association",
      "name": "rt-association-public",
      "provider": "provider[\"registry.terraform.io/hashicorp/aws\"]",
      "instances": [
        {
          "index_key": 0,
          "schema_version": 0,
          "attributes": {
            "gateway_id": "",
            "id": "rtbassoc-015e95e2b561e55b0",
            "route_table_id": "rtb-0ffa75551527347c3",
            "subnet_id": "subnet-0378c4ea570c1452e"
          },
          "sensitive_attributes": [],
          "private": "bnVsbA==",
          "dependencies": [
            "module.vpc.aws_internet_gateway.igw",
            "module.vpc.aws_route_table.rt-public",
            "module.vpc.aws_subnet.public-subnets",
            "module.vpc.aws_vpc.vpc",
            "module.vpc.data.aws_availability_zones.available"
          ],
          "create_before_destroy": true
        },
        {
          "index_key": 1,
          "schema_version": 0,
          "attributes": {
            "gateway_id": "",
            "id": "rtbassoc-0442415760184a375",
            "route_table_id": "rtb-0ffa75551527347c3",
            "subnet_id": "subnet-008551d649746bed5"
          },
          "sensitive_attributes": [],
          "private": "bnVsbA==",
          "dependencies": [
            "module.vpc.aws_internet_gateway.igw",
            "module.vpc.aws_route_table.rt-public",
            "module.vpc.aws_subnet.public-subnets",
            "module.vpc.aws_vpc.vpc",
            "module.vpc.data.aws_availability_zones.available"
          ],
          "create_before_destroy": true
        }
      ]
    },
    {
      "module": "module.vpc",
      "mode": "managed",
      "type": "aws_subnet",
      "name": "private-subnets",
      "provider": "provider[\"registry.terraform.io/hashicorp/aws\"]",
      "instances": [
        {
          "index_key": 0,
          "schema_version": 1,
          "attributes": {
            "arn": "arn:aws:ec2:us-east-2:123061683589:subnet/subnet-008c6ea9bfb576cd4",
            "assign_ipv6_address_on_creation": false,
            "availability_zone": "us-east-2a",
            "availability_zone_id": "use2-az1",
            "cidr_block": "10.0.1.0/24",
            "customer_owned_ipv4_pool": "",
            "enable_dns64": false,
            "enable_resource_name_dns_a_record_on_launch": false,
            "enable_resource_name_dns_aaaa_record_on_launch": false,
            "id": "subnet-008c6ea9bfb576cd4",
            "ipv6_cidr_block": "",
            "ipv6_cidr_block_association_id": "",
            "ipv6_native": false,
            "map_customer_owned_ip_on_launch": false,
            "map_public_ip_on_launch": false,
            "outpost_arn": "",
            "owner_id": "123061683589",
            "private_dns_hostname_type_on_launch": "ip-name",
            "tags": {
              "Environment": "dev",
              "Name": "subnet-pvt-1-glpi",
              "Project": "Jenkins-AWS com Terraform"
            },
            "tags_all": {
              "Environment": "dev",
              "Name": "subnet-pvt-1-glpi",
              "Project": "Jenkins-AWS com Terraform"
            },
            "timeouts": null,
            "vpc_id": "vpc-0f10b077eb6af8677"
          },
          "sensitive_attributes": [],
          "private": "eyJlMmJmYjczMC1lY2FhLTExZTYtOGY4OC0zNDM2M2JjN2M0YzAiOnsiY3JlYXRlIjo2MDAwMDAwMDAwMDAsImRlbGV0ZSI6MTIwMDAwMDAwMDAwMH0sInNjaGVtYV92ZXJzaW9uIjoiMSJ9",
          "dependencies": [
            "module.vpc.aws_vpc.vpc",
            "module.vpc.data.aws_availability_zones.available"
          ],
          "create_before_destroy": true
        },
        {
          "index_key": 1,
          "schema_version": 1,
          "attributes": {
            "arn": "arn:aws:ec2:us-east-2:123061683589:subnet/subnet-0d04c9df96f8507ea",
            "assign_ipv6_address_on_creation": false,
            "availability_zone": "us-east-2b",
            "availability_zone_id": "use2-az2",
            "cidr_block": "10.0.2.0/24",
            "customer_owned_ipv4_pool": "",
            "enable_dns64": false,
            "enable_resource_name_dns_a_record_on_launch": false,
            "enable_resource_name_dns_aaaa_record_on_launch": false,
            "id": "subnet-0d04c9df96f8507ea",
            "ipv6_cidr_block": "",
            "ipv6_cidr_block_association_id": "",
            "ipv6_native": false,
            "map_customer_owned_ip_on_launch": false,
            "map_public_ip_on_launch": false,
            "outpost_arn": "",
            "owner_id": "123061683589",
            "private_dns_hostname_type_on_launch": "ip-name",
            "tags": {
              "Environment": "dev",
              "Name": "subnet-pvt-2-glpi",
              "Project": "Jenkins-AWS com Terraform"
            },
            "tags_all": {
              "Environment": "dev",
              "Name": "subnet-pvt-2-glpi",
              "Project": "Jenkins-AWS com Terraform"
            },
            "timeouts": null,
            "vpc_id": "vpc-0f10b077eb6af8677"
          },
          "sensitive_attributes": [],
          "private": "eyJlMmJmYjczMC1lY2FhLTExZTYtOGY4OC0zNDM2M2JjN2M0YzAiOnsiY3JlYXRlIjo2MDAwMDAwMDAwMDAsImRlbGV0ZSI6MTIwMDAwMDAwMDAwMH0sInNjaGVtYV92ZXJzaW9uIjoiMSJ9",
          "dependencies": [
            "module.vpc.aws_vpc.vpc",
            "module.vpc.data.aws_availability_zones.available"
          ],
          "create_before_destroy": true
        }
      ]
    },
    {
      "module": "module.vpc",
      "mode": "managed",
      "type": "aws_subnet",
      "name": "public-subnets",
      "provider": "provider[\"registry.terraform.io/hashicorp/aws\"]",
      "instances": [
        {
          "index_key": 0,
          "schema_version": 1,
          "attributes": {
            "arn": "arn:aws:ec2:us-east-2:123061683589:subnet/subnet-0378c4ea570c1452e",
            "assign_ipv6_address_on_creation": false,
            "availability_zone": "us-east-2a",
            "availability_zone_id": "use2-az1",
            "cidr_block": "10.0.3.0/24",
            "customer_owned_ipv4_pool": "",
            "enable_dns64": false,
            "enable_resource_name_dns_a_record_on_launch": false,
            "enable_resource_name_dns_aaaa_record_on_launch": false,
            "id": "subnet-0378c4ea570c1452e",
            "ipv6_cidr_block": "",
            "ipv6_cidr_block_association_id": "",
            "ipv6_native": false,
            "map_customer_owned_ip_on_launch": false,
            "map_public_ip_on_launch": true,
            "outpost_arn": "",
            "owner_id": "123061683589",
            "private_dns_hostname_type_on_launch": "ip-name",
            "tags": {
              "Environment": "dev",
              "Name": "subnet-pub-1-glpi",
              "Project": "Jenkins-AWS com Terraform"
            },
            "tags_all": {
              "Environment": "dev",
              "Name": "subnet-pub-1-glpi",
              "Project": "Jenkins-AWS com Terraform"
            },
            "timeouts": null,
            "vpc_id": "vpc-0f10b077eb6af8677"
          },
          "sensitive_attributes": [],
          "private": "eyJlMmJmYjczMC1lY2FhLTExZTYtOGY4OC0zNDM2M2JjN2M0YzAiOnsiY3JlYXRlIjo2MDAwMDAwMDAwMDAsImRlbGV0ZSI6MTIwMDAwMDAwMDAwMH0sInNjaGVtYV92ZXJzaW9uIjoiMSJ9",
          "dependencies": [
            "module.vpc.aws_vpc.vpc",
            "module.vpc.data.aws_availability_zones.available"
          ],
          "create_before_destroy": true
        },
        {
          "index_key": 1,
          "schema_version": 1,
          "attributes": {
            "arn": "arn:aws:ec2:us-east-2:123061683589:subnet/subnet-008551d649746bed5",
            "assign_ipv6_address_on_creation": false,
            "availability_zone": "us-east-2b",
            "availability_zone_id": "use2-az2",
            "cidr_block": "10.0.4.0/24",
            "customer_owned_ipv4_pool": "",
            "enable_dns64": false,
            "enable_resource_name_dns_a_record_on_launch": false,
            "enable_resource_name_dns_aaaa_record_on_launch": false,
            "id": "subnet-008551d649746bed5",
            "ipv6_cidr_block": "",
            "ipv6_cidr_block_association_id": "",
            "ipv6_native": false,
            "map_customer_owned_ip_on_launch": false,
            "map_public_ip_on_launch": true,
            "outpost_arn": "",
            "owner_id": "123061683589",
            "private_dns_hostname_type_on_launch": "ip-name",
            "tags": {
              "Environment": "dev",
              "Name": "subnet-pub-2-glpi",
              "Project": "Jenkins-AWS com Terraform"
            },
            "tags_all": {
              "Environment": "dev",
              "Name": "subnet-pub-2-glpi",
              "Project": "Jenkins-AWS com Terraform"
            },
            "timeouts": null,
            "vpc_id": "vpc-0f10b077eb6af8677"
          },
          "sensitive_attributes": [],
          "private": "eyJlMmJmYjczMC1lY2FhLTExZTYtOGY4OC0zNDM2M2JjN2M0YzAiOnsiY3JlYXRlIjo2MDAwMDAwMDAwMDAsImRlbGV0ZSI6MTIwMDAwMDAwMDAwMH0sInNjaGVtYV92ZXJzaW9uIjoiMSJ9",
          "dependencies": [
            "module.vpc.aws_vpc.vpc",
            "module.vpc.data.aws_availability_zones.available"
          ],
          "create_before_destroy": true
        }
      ]
    },
    {
      "module": "module.vpc",
      "mode": "managed",
      "type": "aws_vpc",
      "name": "vpc",
      "provider": "provider[\"registry.terraform.io/hashicorp/aws\"]",
      "instances": [
        {
          "schema_version": 1,
          "attributes": {
            "arn": "arn:aws:ec2:us-east-2:123061683589:vpc/vpc-0f10b077eb6af8677",
            "assign_generated_ipv6_cidr_block": false,
            "cidr_block": "10.0.0.0/16",
            "default_network_acl_id": "acl-03d6649f9ab802008",
            "default_route_table_id": "rtb-07b24b393efbb70d8",
            "default_security_group_id": "sg-0160a5f41e334f4a8",
            "dhcp_options_id": "dopt-09510b9c99c0bfbec",
            "enable_classiclink": false,
            "enable_classiclink_dns_support": false,
            "enable_dns_hostnames": true,
            "enable_dns_support": true,
            "id": "vpc-0f10b077eb6af8677",
            "instance_tenancy": "default",
            "ipv4_ipam_pool_id": null,
            "ipv4_netmask_length": null,
            "ipv6_association_id": "",
            "ipv6_cidr_block": "",
            "ipv6_cidr_block_network_border_group": "",
            "ipv6_ipam_pool_id": "",
            "ipv6_netmask_length": 0,
            "main_route_table_id": "rtb-07b24b393efbb70d8",
            "owner_id": "123061683589",
            "tags": {
              "Environment": "dev",
              "Name": "vpc-glpi",
              "Project": "Jenkins-AWS com Terraform"
            },
            "tags_all": {
              "Environment": "dev",
              "Name": "vpc-glpi",
              "Project": "Jenkins-AWS com Terraform"
            }
          },
          "sensitive_attributes": [],
          "private": "eyJzY2hlbWFfdmVyc2lvbiI6IjEifQ==",
          "create_before_destroy": true
        }
      ]
    }
  ]
}
